
Microsoft Visual Studio Solution File, Format Version 12.00
# Visual Studio Version 17
VisualStudioVersion = 17.10.35122.118
MinimumVisualStudioVersion = 10.0.40219.1
Project("{9A19103F-16F7-4668-BE54-9A1E7A4F7556}") = "PasswordManager", "PasswordManager\PasswordManager.csproj", "{2FE438AC-0060-4FB4-BB90-E1F8D1F415DF}"
EndProject
Project("{2150E333-8FDC-42A3-9474-1A3956D46DE8}") = "Элементы решения", "Элементы решения", "{851C6CE8-C074-46BF-BD81-814650C45310}"
EndProject
Project("{2150E333-8FDC-42A3-9474-1A3956D46DE8}") = "Solution Items", "Solution Items", "{06F09501-0A7C-42E7-A8F4-DE595AFC854D}"
EndProject
Global
	GlobalSection(SolutionConfigurationPlatforms) = preSolution
		Debug|Any CPU = Debug|Any CPU
		Release|Any CPU = Release|Any CPU
	EndGlobalSection
	GlobalSection(ProjectConfigurationPlatforms) = postSolution
		{2FE438AC-0060-4FB4-BB90-E1F8D1F415DF}.Debug|Any CPU.ActiveCfg = Debug|Any CPU
		{2FE438AC-0060-4FB4-BB90-E1F8D1F415DF}.Debug|Any CPU.Build.0 = Debug|Any CPU
		{2FE438AC-0060-4FB4-BB90-E1F8D1F415DF}.Release|Any CPU.ActiveCfg = Release|Any CPU
		{2FE438AC-0060-4FB4-BB90-E1F8D1F415DF}.Release|Any CPU.Build.0 = Release|Any CPU
	EndGlobalSection
	GlobalSection(SolutionProperties) = preSolution
		HideSolutionNode = FALSE
	EndGlobalSection
	GlobalSection(ExtensibilityGlobals) = postSolution
		SolutionGuid = {EBD91CF5-A1DC-4387-BA23-D0134908FFB0}
	EndGlobalSection
EndGlobal
